{
  "name": "",
  "version": "1.0.0",
  "lockfileVersion": 1,
  "requires": true,
  "dependencies": {
    "weui-miniprogram": {
      "version": "1.0.7",
      "resolved": "https://registry.npmjs.org/weui-miniprogram/-/weui-miniprogram-1.0.7.tgz",
      "integrity": "sha512-tXpLnUyaN1jEZHlYAWid3q+Rbov6a90t7QX4uunEa9E2+IUrVLqxo1Q1CfT1uTtjE5hqg6ABGU0NA819Ga1D3g=="
    }
  }
}
